
Microsoft Visual Studio Solution File, Format Version 12.00
# Visual Studio Version 16
VisualStudioVersion = 16.0.31321.278
MinimumVisualStudioVersion = 10.0.40219.1
Project("{8BC9CEB8-8B4A-11D0-8D11-00A0C91BC942}") = "Terms", "Terms\Terms.vcxproj", "{C918EF3F-B21B-4D38-AB65-65EB19834FD8}"
EndProject
Global
	GlobalSection(SolutionConfigurationPlatforms) = preSolution
		Debug|x64 = Debug|x64
		Debug|x86 = Debug|x86
		Release|x64 = Release|x64
		Release|x86 = Release|x86
	EndGlobalSection
	GlobalSection(ProjectConfigurationPlatforms) = postSolution
		{C918EF3F-B21B-4D38-AB65-65EB19834FD8}.Debug|x64.ActiveCfg = Debug|x64
		{C918EF3F-B21B-4D38-AB65-65EB19834FD8}.Debug|x64.Build.0 = Debug|x64
		{C918EF3F-B21B-4D38-AB65-65EB19834FD8}.Debug|x86.ActiveCfg = Debug|Win32
		{C918EF3F-B21B-4D38-AB65-65EB19834FD8}.Debug|x86.Build.0 = Debug|Win32
		{C918EF3F-B21B-4D38-AB65-65EB19834FD8}.Release|x64.ActiveCfg = Release|x64
		{C918EF3F-B21B-4D38-AB65-65EB19834FD8}.Release|x64.Build.0 = Release|x64
		{C918EF3F-B21B-4D38-AB65-65EB19834FD8}.Release|x86.ActiveCfg = Release|Win32
		{C918EF3F-B21B-4D38-AB65-65EB19834FD8}.Release|x86.Build.0 = Release|Win32
	EndGlobalSection
	GlobalSection(SolutionProperties) = preSolution
		HideSolutionNode = FALSE
	EndGlobalSection
	GlobalSection(ExtensibilityGlobals) = postSolution
		SolutionGuid = {001A2472-301E-4CC3-8881-8D9EF5A74C36}
	EndGlobalSection
EndGlobal
